
Microsoft Visual Studio Solution File, Format Version 12.00
# Visual Studio Version 16
VisualStudioVersion = 16.0.31515.178
MinimumVisualStudioVersion = 10.0.40219.1
Project("{FAE04EC0-301F-11D3-BF4B-00C04F79EFBC}") = "RegexAssignment", "RegexAssignment\RegexAssignment.csproj", "{EA2E83E4-621B-45CD-8EB7-4AED89772378}"
EndProject
Project("{FAE04EC0-301F-11D3-BF4B-00C04F79EFBC}") = "UnitTestProject1", "UnitTestProject1\UnitTestProject1.csproj", "{8D8C5EB7-C9F7-4408-96A0-A6C63F83B101}"
EndProject
Global
	GlobalSection(SolutionConfigurationPlatforms) = preSolution
		Debug|Any CPU = Debug|Any CPU
		Release|Any CPU = Release|Any CPU
	EndGlobalSection
	GlobalSection(ProjectConfigurationPlatforms) = postSolution
		{EA2E83E4-621B-45CD-8EB7-4AED89772378}.Debug|Any CPU.ActiveCfg = Debug|Any CPU
		{EA2E83E4-621B-45CD-8EB7-4AED89772378}.Debug|Any CPU.Build.0 = Debug|Any CPU
		{EA2E83E4-621B-45CD-8EB7-4AED89772378}.Release|Any CPU.ActiveCfg = Release|Any CPU
		{EA2E83E4-621B-45CD-8EB7-4AED89772378}.Release|Any CPU.Build.0 = Release|Any CPU
		{8D8C5EB7-C9F7-4408-96A0-A6C63F83B101}.Debug|Any CPU.ActiveCfg = Debug|Any CPU
		{8D8C5EB7-C9F7-4408-96A0-A6C63F83B101}.Debug|Any CPU.Build.0 = Debug|Any CPU
		{8D8C5EB7-C9F7-4408-96A0-A6C63F83B101}.Release|Any CPU.ActiveCfg = Release|Any CPU
		{8D8C5EB7-C9F7-4408-96A0-A6C63F83B101}.Release|Any CPU.Build.0 = Release|Any CPU
	EndGlobalSection
	GlobalSection(SolutionProperties) = preSolution
		HideSolutionNode = FALSE
	EndGlobalSection
	GlobalSection(ExtensibilityGlobals) = postSolution
		SolutionGuid = {7BCF9846-DDB8-462E-9825-4450765F41FB}
	EndGlobalSection
EndGlobal
